
Microsoft Visual Studio Solution File, Format Version 12.00
# Visual Studio Version 16
VisualStudioVersion = 16.0.32228.343
MinimumVisualStudioVersion = 10.0.40219.1
Project("{FAE04EC0-301F-11D3-BF4B-00C04F79EFBC}") = "Task2.11", "Task2.11\Task2.11.csproj", "{452DF343-2446-42D4-8D0E-AE7DDD6A5518}"
EndProject
Global
	GlobalSection(SolutionConfigurationPlatforms) = preSolution
		Debug|Any CPU = Debug|Any CPU
		Release|Any CPU = Release|Any CPU
	EndGlobalSection
	GlobalSection(ProjectConfigurationPlatforms) = postSolution
		{452DF343-2446-42D4-8D0E-AE7DDD6A5518}.Debug|Any CPU.ActiveCfg = Debug|Any CPU
		{452DF343-2446-42D4-8D0E-AE7DDD6A5518}.Debug|Any CPU.Build.0 = Debug|Any CPU
		{452DF343-2446-42D4-8D0E-AE7DDD6A5518}.Release|Any CPU.ActiveCfg = Release|Any CPU
		{452DF343-2446-42D4-8D0E-AE7DDD6A5518}.Release|Any CPU.Build.0 = Release|Any CPU
	EndGlobalSection
	GlobalSection(SolutionProperties) = preSolution
		HideSolutionNode = FALSE
	EndGlobalSection
	GlobalSection(ExtensibilityGlobals) = postSolution
		SolutionGuid = {FB2B815F-A54E-49FD-BC73-08A2C6B31126}
	EndGlobalSection
EndGlobal
